
Microsoft Visual Studio Solution File, Format Version 12.00
Project("{FAE04EC0-301F-11D3-BF4B-00C04F79EFBC}") = "StringCalculatorKata", "StringCalculatorKata\StringCalculatorKata.csproj", "{F6BC777C-58F2-4CDB-B080-52FAD7ED62B2}"
EndProject
Global
	GlobalSection(SolutionConfigurationPlatforms) = preSolution
		Debug|Any CPU = Debug|Any CPU
		Release|Any CPU = Release|Any CPU
	EndGlobalSection
	GlobalSection(ProjectConfigurationPlatforms) = postSolution
		{F6BC777C-58F2-4CDB-B080-52FAD7ED62B2}.Debug|Any CPU.ActiveCfg = Debug|Any CPU
		{F6BC777C-58F2-4CDB-B080-52FAD7ED62B2}.Debug|Any CPU.Build.0 = Debug|Any CPU
		{F6BC777C-58F2-4CDB-B080-52FAD7ED62B2}.Release|Any CPU.ActiveCfg = Release|Any CPU
		{F6BC777C-58F2-4CDB-B080-52FAD7ED62B2}.Release|Any CPU.Build.0 = Release|Any CPU
	EndGlobalSection
EndGlobal
